
Microsoft Visual Studio Solution File, Format Version 12.00
# Visual Studio Version 17
VisualStudioVersion = 17.5.33414.496
MinimumVisualStudioVersion = 10.0.40219.1
Project("{FAE04EC0-301F-11D3-BF4B-00C04F79EFBC}") = "28.02.2023 hw", "28.02.2023 hw\28.02.2023 hw.csproj", "{E4610E69-9C25-4CE4-ABD1-14EB3766DA91}"
EndProject
Global
	GlobalSection(SolutionConfigurationPlatforms) = preSolution
		Debug|Any CPU = Debug|Any CPU
		Release|Any CPU = Release|Any CPU
	EndGlobalSection
	GlobalSection(ProjectConfigurationPlatforms) = postSolution
		{E4610E69-9C25-4CE4-ABD1-14EB3766DA91}.Debug|Any CPU.ActiveCfg = Debug|Any CPU
		{E4610E69-9C25-4CE4-ABD1-14EB3766DA91}.Debug|Any CPU.Build.0 = Debug|Any CPU
		{E4610E69-9C25-4CE4-ABD1-14EB3766DA91}.Release|Any CPU.ActiveCfg = Release|Any CPU
		{E4610E69-9C25-4CE4-ABD1-14EB3766DA91}.Release|Any CPU.Build.0 = Release|Any CPU
	EndGlobalSection
	GlobalSection(SolutionProperties) = preSolution
		HideSolutionNode = FALSE
	EndGlobalSection
	GlobalSection(ExtensibilityGlobals) = postSolution
		SolutionGuid = {377608C5-1999-4B07-A086-2CA2D91324DA}
	EndGlobalSection
EndGlobal
